# This file was autogenerated by uv via the following command:
#    uv pip compile requirements.txt --output-file requirements.lock
aiohappyeyeballs==2.6.1
    # via
    #   -r requirements.txt
    #   aiohttp
aiohttp==3.12.14
    # via
    #   -r requirements.txt
    #   fsspec
aiosignal==1.4.0
    # via
    #   -r requirements.txt
    #   aiohttp
annotated-types==0.7.0
    # via
    #   -r requirements.txt
    #   pydantic
anthropic==0.57.1
    # via -r requirements.txt
anyio==4.9.0
    # via
    #   -r requirements.txt
    #   anthropic
    #   httpx
    #   openai
attrs==25.3.0
    # via
    #   -r requirements.txt
    #   aiohttp
certifi==2025.7.14
    # via
    #   -r requirements.txt
    #   httpcore
    #   httpx
    #   requests
charset-normalizer==3.4.2
    # via
    #   -r requirements.txt
    #   requests
coverage==7.9.2
    # via
    #   -r requirements.txt
    #   pytest-cov
datasets==4.0.0
    # via -r requirements.txt
dill==0.3.8
    # via
    #   -r requirements.txt
    #   datasets
    #   multiprocess
distro==1.9.0
    # via
    #   -r requirements.txt
    #   anthropic
    #   openai
filelock==3.18.0
    # via
    #   -r requirements.txt
    #   datasets
    #   huggingface-hub
frozenlist==1.7.0
    # via
    #   -r requirements.txt
    #   aiohttp
    #   aiosignal
fsspec==2025.3.0
    # via
    #   -r requirements.txt
    #   datasets
    #   huggingface-hub
greenlet==3.2.3
    # via
    #   -r requirements.txt
    #   sqlalchemy
h11==0.16.0
    # via
    #   -r requirements.txt
    #   httpcore
hf-xet==1.1.5
    # via
    #   -r requirements.txt
    #   huggingface-hub
httpcore==1.0.9
    # via
    #   -r requirements.txt
    #   httpx
httpx==0.28.1
    # via
    #   -r requirements.txt
    #   anthropic
    #   langsmith
    #   openai
huggingface-hub==0.33.4
    # via
    #   -r requirements.txt
    #   datasets
idna==3.10
    # via
    #   -r requirements.txt
    #   anyio
    #   httpx
    #   requests
    #   yarl
iniconfig==2.1.0
    # via
    #   -r requirements.txt
    #   pytest
jiter==0.10.0
    # via
    #   -r requirements.txt
    #   anthropic
    #   openai
joblib==1.5.1
    # via
    #   -r requirements.txt
    #   scikit-learn
jsonpatch==1.33
    # via
    #   -r requirements.txt
    #   langchain-core
jsonpointer==3.0.0
    # via
    #   -r requirements.txt
    #   jsonpatch
langchain==0.3.26
    # via -r requirements.txt
langchain-core==0.3.68
    # via
    #   -r requirements.txt
    #   langchain
    #   langchain-text-splitters
langchain-text-splitters==0.3.8
    # via
    #   -r requirements.txt
    #   langchain
langsmith==0.4.5
    # via
    #   -r requirements.txt
    #   langchain
    #   langchain-core
markdown-it-py==3.0.0
    # via -r requirements.txt
mdurl==0.1.2
    # via
    #   -r requirements.txt
    #   markdown-it-py
mistune==3.1.3
    # via -r requirements.txt
multidict==6.6.3
    # via
    #   -r requirements.txt
    #   aiohttp
    #   yarl
multiprocess==0.70.16
    # via
    #   -r requirements.txt
    #   datasets
numpy==2.3.1
    # via
    #   -r requirements.txt
    #   datasets
    #   pandas
    #   scikit-learn
    #   scipy
openai==1.95.1
    # via -r requirements.txt
orjson==3.10.18
    # via
    #   -r requirements.txt
    #   langsmith
packaging==24.2
    # via
    #   -r requirements.txt
    #   datasets
    #   huggingface-hub
    #   langchain-core
    #   langsmith
    #   pytest
pandas==2.3.1
    # via
    #   -r requirements.txt
    #   datasets
pluggy==1.6.0
    # via
    #   -r requirements.txt
    #   pytest
    #   pytest-cov
propcache==0.3.2
    # via
    #   -r requirements.txt
    #   aiohttp
    #   yarl
psutil==7.0.0
    # via -r requirements.txt
pyarrow==20.0.0
    # via
    #   -r requirements.txt
    #   datasets
pydantic==2.11.7
    # via
    #   -r requirements.txt
    #   anthropic
    #   langchain
    #   langchain-core
    #   langsmith
    #   openai
    #   pydantic-settings
pydantic-core==2.33.2
    # via
    #   -r requirements.txt
    #   pydantic
pydantic-settings==2.10.1
    # via -r requirements.txt
pygments==2.19.2
    # via
    #   -r requirements.txt
    #   pytest
pytest==8.4.1
    # via
    #   -r requirements.txt
    #   pytest-asyncio
    #   pytest-cov
    #   pytest-mock
pytest-asyncio==1.0.0
    # via -r requirements.txt
pytest-cov==6.2.1
    # via -r requirements.txt
pytest-mock==3.14.1
    # via -r requirements.txt
python-dateutil==2.9.0.post0
    # via
    #   -r requirements.txt
    #   pandas
python-dotenv==1.1.1
    # via
    #   -r requirements.txt
    #   pydantic-settings
python-magic==0.4.27
    # via -r requirements.txt
pytz==2025.2
    # via
    #   -r requirements.txt
    #   pandas
pyyaml==6.0.2
    # via
    #   -r requirements.txt
    #   datasets
    #   huggingface-hub
    #   langchain
    #   langchain-core
regex==2024.11.6
    # via
    #   -r requirements.txt
    #   tiktoken
requests==2.32.4
    # via
    #   -r requirements.txt
    #   datasets
    #   huggingface-hub
    #   langchain
    #   langsmith
    #   requests-toolbelt
    #   tiktoken
requests-toolbelt==1.0.0
    # via
    #   -r requirements.txt
    #   langsmith
scikit-learn==1.7.0
    # via -r requirements.txt
scipy==1.16.0
    # via
    #   -r requirements.txt
    #   scikit-learn
six==1.17.0
    # via
    #   -r requirements.txt
    #   python-dateutil
sniffio==1.3.1
    # via
    #   -r requirements.txt
    #   anthropic
    #   anyio
    #   openai
sqlalchemy==2.0.41
    # via
    #   -r requirements.txt
    #   langchain
tenacity==9.1.2
    # via
    #   -r requirements.txt
    #   langchain-core
threadpoolctl==3.6.0
    # via
    #   -r requirements.txt
    #   scikit-learn
tiktoken==0.9.0
    # via -r requirements.txt
tqdm==4.67.1
    # via
    #   -r requirements.txt
    #   datasets
    #   huggingface-hub
    #   openai
typing-extensions==4.14.1
    # via
    #   -r requirements.txt
    #   aiosignal
    #   anthropic
    #   anyio
    #   huggingface-hub
    #   langchain-core
    #   openai
    #   pydantic
    #   pydantic-core
    #   sqlalchemy
    #   typing-inspection
typing-inspection==0.4.1
    # via
    #   -r requirements.txt
    #   pydantic
    #   pydantic-settings
tzdata==2025.2
    # via
    #   -r requirements.txt
    #   pandas
urllib3==2.5.0
    # via
    #   -r requirements.txt
    #   requests
xxhash==3.5.0
    # via
    #   -r requirements.txt
    #   datasets
yarl==1.20.1
    # via
    #   -r requirements.txt
    #   aiohttp
zstandard==0.23.0
    # via
    #   -r requirements.txt
    #   langsmith
